
Microsoft Visual Studio Solution File, Format Version 12.00
Project("{FAE04EC0-301F-11D3-BF4B-00C04F79EFBC}") = "bacalah.API", "bacalah.API\bacalah.API.csproj", "{E83896B4-B517-42DB-94EE-35EF11CFE557}"
EndProject
Project("{2150E333-8FDC-42A3-9474-1A3956D46DE8}") = "Solution Items", "Solution Items", "{93BDED44-8A1B-4926-8A00-2754D2D0ED24}"
	ProjectSection(SolutionItems) = preProject
		compose.yaml = compose.yaml
	EndProjectSection
EndProject
Project("{FAE04EC0-301F-11D3-BF4B-00C04F79EFBC}") = "bacalah.Entities", "bacalah.Entities\bacalah.Entities.csproj", "{B6DA399A-494D-4882-B75E-9B6AA81B85E1}"
EndProject
Global
	GlobalSection(SolutionConfigurationPlatforms) = preSolution
		Debug|Any CPU = Debug|Any CPU
		Release|Any CPU = Release|Any CPU
	EndGlobalSection
	GlobalSection(ProjectConfigurationPlatforms) = postSolution
		{E83896B4-B517-42DB-94EE-35EF11CFE557}.Debug|Any CPU.ActiveCfg = Debug|Any CPU
		{E83896B4-B517-42DB-94EE-35EF11CFE557}.Debug|Any CPU.Build.0 = Debug|Any CPU
		{E83896B4-B517-42DB-94EE-35EF11CFE557}.Release|Any CPU.ActiveCfg = Release|Any CPU
		{E83896B4-B517-42DB-94EE-35EF11CFE557}.Release|Any CPU.Build.0 = Release|Any CPU
		{B6DA399A-494D-4882-B75E-9B6AA81B85E1}.Debug|Any CPU.ActiveCfg = Debug|Any CPU
		{B6DA399A-494D-4882-B75E-9B6AA81B85E1}.Debug|Any CPU.Build.0 = Debug|Any CPU
		{B6DA399A-494D-4882-B75E-9B6AA81B85E1}.Release|Any CPU.ActiveCfg = Release|Any CPU
		{B6DA399A-494D-4882-B75E-9B6AA81B85E1}.Release|Any CPU.Build.0 = Release|Any CPU
	EndGlobalSection
EndGlobal
